
Microsoft Visual Studio Solution File, Format Version 12.00
# Visual Studio for Mac
Project("{FAE04EC0-301F-11D3-BF4B-00C04F79EFBC}") = "Assembly-CSharp", "Assembly-CSharp.csproj", "{F6E81B54-A28A-34AE-D737-035DD52B0327}"
EndProject
Project("{FAE04EC0-301F-11D3-BF4B-00C04F79EFBC}") = "Oculus.VR", "Oculus.VR.csproj", "{F3CD6BD9-BC93-0120-41E9-B34459399337}"
EndProject
Project("{FAE04EC0-301F-11D3-BF4B-00C04F79EFBC}") = "Assembly-CSharp-Editor", "Assembly-CSharp-Editor.csproj", "{BDD83073-5812-609E-6474-9ED761BDD55A}"
EndProject
Project("{FAE04EC0-301F-11D3-BF4B-00C04F79EFBC}") = "Oculus.VR.Scripts.Editor", "Oculus.VR.Scripts.Editor.csproj", "{4EEC977D-0135-6F62-DFFC-7B84053FFD7D}"
EndProject
Project("{FAE04EC0-301F-11D3-BF4B-00C04F79EFBC}") = "Oculus.VR.Editor", "Oculus.VR.Editor.csproj", "{EE3E83AD-233D-0C51-1A86-C345CC07BCC9}"
EndProject
Global
	GlobalSection(SolutionConfigurationPlatforms) = preSolution
		Debug|Any CPU = Debug|Any CPU
		Release|Any CPU = Release|Any CPU
	EndGlobalSection
	GlobalSection(ProjectConfigurationPlatforms) = postSolution
		{F6E81B54-A28A-34AE-D737-035DD52B0327}.Debug|Any CPU.ActiveCfg = Debug|Any CPU
		{F6E81B54-A28A-34AE-D737-035DD52B0327}.Debug|Any CPU.Build.0 = Debug|Any CPU
		{F6E81B54-A28A-34AE-D737-035DD52B0327}.Release|Any CPU.ActiveCfg = Release|Any CPU
		{F6E81B54-A28A-34AE-D737-035DD52B0327}.Release|Any CPU.Build.0 = Release|Any CPU
		{F3CD6BD9-BC93-0120-41E9-B34459399337}.Debug|Any CPU.ActiveCfg = Debug|Any CPU
		{F3CD6BD9-BC93-0120-41E9-B34459399337}.Debug|Any CPU.Build.0 = Debug|Any CPU
		{F3CD6BD9-BC93-0120-41E9-B34459399337}.Release|Any CPU.ActiveCfg = Release|Any CPU
		{F3CD6BD9-BC93-0120-41E9-B34459399337}.Release|Any CPU.Build.0 = Release|Any CPU
		{BDD83073-5812-609E-6474-9ED761BDD55A}.Debug|Any CPU.ActiveCfg = Debug|Any CPU
		{BDD83073-5812-609E-6474-9ED761BDD55A}.Debug|Any CPU.Build.0 = Debug|Any CPU
		{BDD83073-5812-609E-6474-9ED761BDD55A}.Release|Any CPU.ActiveCfg = Release|Any CPU
		{BDD83073-5812-609E-6474-9ED761BDD55A}.Release|Any CPU.Build.0 = Release|Any CPU
		{4EEC977D-0135-6F62-DFFC-7B84053FFD7D}.Debug|Any CPU.ActiveCfg = Debug|Any CPU
		{4EEC977D-0135-6F62-DFFC-7B84053FFD7D}.Debug|Any CPU.Build.0 = Debug|Any CPU
		{4EEC977D-0135-6F62-DFFC-7B84053FFD7D}.Release|Any CPU.ActiveCfg = Release|Any CPU
		{4EEC977D-0135-6F62-DFFC-7B84053FFD7D}.Release|Any CPU.Build.0 = Release|Any CPU
		{EE3E83AD-233D-0C51-1A86-C345CC07BCC9}.Debug|Any CPU.ActiveCfg = Debug|Any CPU
		{EE3E83AD-233D-0C51-1A86-C345CC07BCC9}.Debug|Any CPU.Build.0 = Debug|Any CPU
		{EE3E83AD-233D-0C51-1A86-C345CC07BCC9}.Release|Any CPU.ActiveCfg = Release|Any CPU
		{EE3E83AD-233D-0C51-1A86-C345CC07BCC9}.Release|Any CPU.Build.0 = Release|Any CPU
	EndGlobalSection
	GlobalSection(SolutionProperties) = preSolution
		HideSolutionNode = FALSE
	EndGlobalSection
EndGlobal
